
Microsoft Visual Studio Solution File, Format Version 12.00
# Visual Studio Version 17
VisualStudioVersion = 17.3.32611.2
MinimumVisualStudioVersion = 10.0.40219.1
Project("{2150E333-8FDC-42A3-9474-1A3956D46DE8}") = "src", "src", "{2D28B11C-DCC4-47D2-B2D8-8E59C921EF9B}"
	ProjectSection(SolutionItems) = preProject
		src\Modal.razor.cs = src\Modal.razor.cs
	EndProjectSection
EndProject
Project("{2150E333-8FDC-42A3-9474-1A3956D46DE8}") = ".github", ".github", "{910E1400-29CB-4DC1-AE3D-F94352F8F60D}"
EndProject
Project("{2150E333-8FDC-42A3-9474-1A3956D46DE8}") = "workflows", "workflows", "{507804DC-04DA-40DD-B5DD-51E1B77831EA}"
	ProjectSection(SolutionItems) = preProject
		.github\workflows\build_8.0.yml = .github\workflows\build_8.0.yml
		.github\workflows\build_9.0.yml = .github\workflows\build_9.0.yml
	EndProjectSection
EndProject
Project("{2150E333-8FDC-42A3-9474-1A3956D46DE8}") = "솔루션 항목", "솔루션 항목", "{1E12FC8D-70AD-43D8-A670-F09286AAE37F}"
	ProjectSection(SolutionItems) = preProject
		.gitignore = .gitignore
		license = license
		README.md = README.md
	EndProjectSection
EndProject
Project("{2150E333-8FDC-42A3-9474-1A3956D46DE8}") = "ViewModels", "ViewModels", "{532A8230-83E4-48BF-85AD-89D850346035}"
	ProjectSection(SolutionItems) = preProject
		src\ViewModels\ModalViewModel.cs = src\ViewModels\ModalViewModel.cs
	EndProjectSection
EndProject
Project("{9A19103F-16F7-4668-BE54-9A1E7A4F7556}") = "MetaFrm.Razor.Alert.Modal(net8.0)", "MetaFrm.Razor.Alert.Modal(net8.0)\MetaFrm.Razor.Alert.Modal(net8.0).csproj", "{53DB4B98-4C09-41DA-9038-840214C4A526}"
EndProject
Project("{FAE04EC0-301F-11D3-BF4B-00C04F79EFBC}") = "MetaFrm.Razor.Alert.Modal(net9.0)", "MetaFrm.Razor.Alert.Modal(net9.0)\MetaFrm.Razor.Alert.Modal(net9.0).csproj", "{8BBB6A67-55E5-47E9-9E6F-DF0975B739DD}"
EndProject
Global
	GlobalSection(SolutionConfigurationPlatforms) = preSolution
		Debug|Any CPU = Debug|Any CPU
		Release|Any CPU = Release|Any CPU
	EndGlobalSection
	GlobalSection(ProjectConfigurationPlatforms) = postSolution
		{53DB4B98-4C09-41DA-9038-840214C4A526}.Debug|Any CPU.ActiveCfg = Debug|Any CPU
		{53DB4B98-4C09-41DA-9038-840214C4A526}.Debug|Any CPU.Build.0 = Debug|Any CPU
		{53DB4B98-4C09-41DA-9038-840214C4A526}.Release|Any CPU.ActiveCfg = Release|Any CPU
		{53DB4B98-4C09-41DA-9038-840214C4A526}.Release|Any CPU.Build.0 = Release|Any CPU
		{8BBB6A67-55E5-47E9-9E6F-DF0975B739DD}.Debug|Any CPU.ActiveCfg = Debug|Any CPU
		{8BBB6A67-55E5-47E9-9E6F-DF0975B739DD}.Debug|Any CPU.Build.0 = Debug|Any CPU
		{8BBB6A67-55E5-47E9-9E6F-DF0975B739DD}.Release|Any CPU.ActiveCfg = Release|Any CPU
		{8BBB6A67-55E5-47E9-9E6F-DF0975B739DD}.Release|Any CPU.Build.0 = Release|Any CPU
	EndGlobalSection
	GlobalSection(SolutionProperties) = preSolution
		HideSolutionNode = FALSE
	EndGlobalSection
	GlobalSection(NestedProjects) = preSolution
		{507804DC-04DA-40DD-B5DD-51E1B77831EA} = {910E1400-29CB-4DC1-AE3D-F94352F8F60D}
		{532A8230-83E4-48BF-85AD-89D850346035} = {2D28B11C-DCC4-47D2-B2D8-8E59C921EF9B}
	EndGlobalSection
	GlobalSection(ExtensibilityGlobals) = postSolution
		SolutionGuid = {84359FA5-9F60-4DFB-B430-4EDD641C3C8C}
	EndGlobalSection
EndGlobal
